
Microsoft Visual Studio Solution File, Format Version 12.00
# Visual Studio Version 17
VisualStudioVersion = 17.4.33205.214
MinimumVisualStudioVersion = 10.0.40219.1
Project("{FAE04EC0-301F-11D3-BF4B-00C04F79EFBC}") = "Json2HtmlTable", "Json2HtmlTable.csproj", "{D9AAF4BA-30C8-48FD-B1CA-0CACCB52653D}"
EndProject
Project("{9A19103F-16F7-4668-BE54-9A1E7A4F7556}") = "Json2HtmlTable_Core", "Json2HtmlTable_Core\Json2HtmlTable_Core.csproj", "{9609C1B5-4040-4C31-9846-D2EC090963A9}"
EndProject
Global
	GlobalSection(SolutionConfigurationPlatforms) = preSolution
		Debug|Any CPU = Debug|Any CPU
		Release|Any CPU = Release|Any CPU
	EndGlobalSection
	GlobalSection(ProjectConfigurationPlatforms) = postSolution
		{D9AAF4BA-30C8-48FD-B1CA-0CACCB52653D}.Debug|Any CPU.ActiveCfg = Debug|Any CPU
		{D9AAF4BA-30C8-48FD-B1CA-0CACCB52653D}.Debug|Any CPU.Build.0 = Debug|Any CPU
		{D9AAF4BA-30C8-48FD-B1CA-0CACCB52653D}.Release|Any CPU.ActiveCfg = Release|Any CPU
		{D9AAF4BA-30C8-48FD-B1CA-0CACCB52653D}.Release|Any CPU.Build.0 = Release|Any CPU
		{9609C1B5-4040-4C31-9846-D2EC090963A9}.Debug|Any CPU.ActiveCfg = Debug|Any CPU
		{9609C1B5-4040-4C31-9846-D2EC090963A9}.Debug|Any CPU.Build.0 = Debug|Any CPU
		{9609C1B5-4040-4C31-9846-D2EC090963A9}.Release|Any CPU.ActiveCfg = Release|Any CPU
		{9609C1B5-4040-4C31-9846-D2EC090963A9}.Release|Any CPU.Build.0 = Release|Any CPU
	EndGlobalSection
	GlobalSection(SolutionProperties) = preSolution
		HideSolutionNode = FALSE
	EndGlobalSection
	GlobalSection(ExtensibilityGlobals) = postSolution
		SolutionGuid = {AD693A29-C165-4FBB-A7B7-850BF255E596}
	EndGlobalSection
EndGlobal
